{
  "nodes": {
    "cl-boundary-kit": {
      "flake": false,
      "locked": {
        "lastModified": 1785937199,
        "narHash": "sha256-FAuQIpnySCV4KoPm2ugbq/9uMsBGBO5XzF0SE3o0MTI=",
        "owner": "nerima-lisp",
        "repo": "cl-boundary-kit",
        "rev": "62e4a7df3e52061c38b7ff4f596436bdda985f71",
        "type": "github"
      },
      "original": {
        "owner": "nerima-lisp",
        "ref": "v2.3.0",
        "repo": "cl-boundary-kit",
        "type": "github"
      }
    },
    "cl-codec-kit": {
      "flake": false,
      "locked": {
        "lastModified": 1790500690,
        "narHash": "sha256-vr00pg1SeZ0BJKeSiM2bmxwC2YK5VwDiSYq5bNVRj14=",
        "owner": "nerima-lisp",
        "repo": "cl-codec-kit",
        "rev": "5885db990560b1aa3992a88daceea010b9adc1d2",
        "type": "github"
      },
      "original": {
        "owner": "nerima-lisp",
        "ref": "v0.6.0",
        "repo": "cl-codec-kit",
        "type": "github"
      }
    },
    "cl-concurrent-kit": {
      "flake": false,
      "locked": {
        "lastModified": 1785940791,
        "narHash": "sha256-4ZXzAIMn4x+/zhx+jOW/Vr61oT/lc+PJIWzAE5y2Qsw=",
        "owner": "nerima-lisp",
        "repo": "cl-concurrent-kit",
        "rev": "0ef20d36a0a12800f231172227bd94034611c639",
        "type": "github"
      },
      "original": {
        "owner": "nerima-lisp",
        "ref": "v0.6.1",
        "repo": "cl-concurrent-kit",
        "type": "github"
      }
    },
    "cl-date-kit": {
      "flake": false,
      "locked": {
        "lastModified": 1790450959,
        "narHash": "sha256-tB9CMfpnp0suzaXLRey5EKTbXvJ+3M64Uf0lhYD0c84=",
        "owner": "nerima-lisp",
        "repo": "cl-date-kit",
        "rev": "021c00df3f4dd18cad7206221125d1596db2fae5",
        "type": "github"
      },
      "original": {
        "owner": "nerima-lisp",
        "ref": "v1.1.1",
        "repo": "cl-date-kit",
        "type": "github"
      }
    },
    "cl-host-kit": {
      "flake": false,
      "locked": {
        "lastModified": 1785923957,
        "narHash": "sha256-pUR7Gi9Fdwg9WR1Mpjl+yBAb8FHAAieG8lTLYwfVJOc=",
        "owner": "nerima-lisp",
        "repo": "cl-host-kit",
        "rev": "ec565470b634605e23b0d6eef0645eb15e8e3356",
        "type": "github"
      },
      "original": {
        "owner": "nerima-lisp",
        "ref": "v0.3.1",
        "repo": "cl-host-kit",
        "type": "github"
      }
    },
    "cl-log-kit": {
      "flake": false,
      "locked": {
        "lastModified": 1785930087,
        "narHash": "sha256-zFbU9a8KLHThzQRn7jqSL0SoTj7ImeP3Q5lJmsOzBQM=",
        "owner": "nerima-lisp",
        "repo": "cl-log-kit",
        "rev": "580ebe23e4106edb8dcc89c0d4732f585c17e3f9",
        "type": "github"
      },
      "original": {
        "owner": "nerima-lisp",
        "ref": "v2.2.0",
        "repo": "cl-log-kit",
        "type": "github"
      }
    },
    "cl-process-kit": {
      "flake": false,
      "locked": {
        "lastModified": 1790572250,
        "narHash": "sha256-vU3PHcoEA72BBK37uvjsdkuApxNR4FZ9KV27VyMWM5c=",
        "owner": "nerima-lisp",
        "repo": "cl-process-kit",
        "rev": "1276a8b8db6120ac15a0911c255a586b3a030ca1",
        "type": "github"
      },
      "original": {
        "owner": "nerima-lisp",
        "ref": "v3.4.0",
        "repo": "cl-process-kit",
        "type": "github"
      }
    },
    "cl-weave": {
      "flake": false,
      "locked": {
        "lastModified": 1790778646,
        "narHash": "sha256-x2bYA/A2q9q1QOccPG1faD6J6Hn+/9YCd3xKQFrNefY=",
        "owner": "nerima-lisp",
        "repo": "cl-weave",
        "rev": "32671560d3d15d4ecf33b9d8af862ea60737841b",
        "type": "github"
      },
      "original": {
        "owner": "nerima-lisp",
        "ref": "v1.4.0",
        "repo": "cl-weave",
        "type": "github"
      }
    },
    "nixpkgs": {
      "locked": {
        "lastModified": 1785571196,
        "narHash": "sha256-KoTsyMQqnXQZq8deCEnu4QkyldkwH/bpMMhUcfMdGIw=",
        "owner": "NixOS",
        "repo": "nixpkgs",
        "rev": "148bab9c1c3c53136ecb44a6ea356a0ed5b39b06",
        "type": "github"
      },
      "original": {
        "owner": "NixOS",
        "ref": "nixos-unstable",
        "repo": "nixpkgs",
        "type": "github"
      }
    },
    "root": {
      "inputs": {
        "cl-boundary-kit": "cl-boundary-kit",
        "cl-codec-kit": "cl-codec-kit",
        "cl-concurrent-kit": "cl-concurrent-kit",
        "cl-date-kit": "cl-date-kit",
        "cl-host-kit": "cl-host-kit",
        "cl-log-kit": "cl-log-kit",
        "cl-process-kit": "cl-process-kit",
        "cl-weave": "cl-weave",
        "nixpkgs": "nixpkgs",
        "treefmt-nix": "treefmt-nix"
      }
    },
    "treefmt-nix": {
      "inputs": {
        "nixpkgs": [
          "nixpkgs"
        ]
      },
      "locked": {
        "lastModified": 1785360170,
        "narHash": "sha256-XE1lKgQ3eIO3E7zWryqcRsax+mYXod/5RHBn4YaR9YE=",
        "owner": "numtide",
        "repo": "treefmt-nix",
        "rev": "d1187f8bc71fb8aab02395869ec3f5c1920f75c0",
        "type": "github"
      },
      "original": {
        "owner": "numtide",
        "repo": "treefmt-nix",
        "type": "github"
      }
    }
  },
  "root": "root",
  "version": 7
}
